
Microsoft Visual Studio Solution File, Format Version 12.00
# Visual Studio 15
VisualStudioVersion = 15.0.27703.2042
MinimumVisualStudioVersion = 10.0.40219.1
Project("{FAE04EC0-301F-11D3-BF4B-00C04F79EFBC}") = "PullFromCloudFeat.Android", "PullFromCloudFeat\PullFromCloudFeat.Android\PullFromCloudFeat.Android.csproj", "{189ACD68-68DF-432F-A8D4-804A089B010E}"
EndProject
Project("{FAE04EC0-301F-11D3-BF4B-00C04F79EFBC}") = "PullFromCloudFeat.iOS", "PullFromCloudFeat\PullFromCloudFeat.iOS\PullFromCloudFeat.iOS.csproj", "{3EC1B3E8-C7B8-48E7-AFF3-5DA70CD903F3}"
EndProject
Project("{FAE04EC0-301F-11D3-BF4B-00C04F79EFBC}") = "PullFromCloudFeat.UWP", "PullFromCloudFeat\PullFromCloudFeat.UWP\PullFromCloudFeat.UWP.csproj", "{639552A8-396F-43B8-8181-A7A80D318007}"
EndProject
Project("{FAE04EC0-301F-11D3-BF4B-00C04F79EFBC}") = "PullFromCloudFeat", "PullFromCloudFeat\PullFromCloudFeat\PullFromCloudFeat.csproj", "{6F9D3379-9D77-4F0F-8414-DA75BE550457}"
EndProject
Global
	GlobalSection(SolutionConfigurationPlatforms) = preSolution
		Ad-Hoc|Any CPU = Ad-Hoc|Any CPU
		Ad-Hoc|ARM = Ad-Hoc|ARM
		Ad-Hoc|iPhone = Ad-Hoc|iPhone
		Ad-Hoc|iPhoneSimulator = Ad-Hoc|iPhoneSimulator
		Ad-Hoc|x64 = Ad-Hoc|x64
		Ad-Hoc|x86 = Ad-Hoc|x86
		AppStore|Any CPU = AppStore|Any CPU
		AppStore|ARM = AppStore|ARM
		AppStore|iPhone = AppStore|iPhone
		AppStore|iPhoneSimulator = AppStore|iPhoneSimulator
		AppStore|x64 = AppStore|x64
		AppStore|x86 = AppStore|x86
		Debug|Any CPU = Debug|Any CPU
		Debug|ARM = Debug|ARM
		Debug|iPhone = Debug|iPhone
		Debug|iPhoneSimulator = Debug|iPhoneSimulator
		Debug|x64 = Debug|x64
		Debug|x86 = Debug|x86
		Release|Any CPU = Release|Any CPU
		Release|ARM = Release|ARM
		Release|iPhone = Release|iPhone
		Release|iPhoneSimulator = Release|iPhoneSimulator
		Release|x64 = Release|x64
		Release|x86 = Release|x86
	EndGlobalSection
	GlobalSection(ProjectConfigurationPlatforms) = postSolution
		{189ACD68-68DF-432F-A8D4-804A089B010E}.Ad-Hoc|Any CPU.ActiveCfg = Release|Any CPU
		{189ACD68-68DF-432F-A8D4-804A089B010E}.Ad-Hoc|Any CPU.Build.0 = Release|Any CPU
		{189ACD68-68DF-432F-A8D4-804A089B010E}.Ad-Hoc|Any CPU.Deploy.0 = Release|Any CPU
		{189ACD68-68DF-432F-A8D4-804A089B010E}.Ad-Hoc|ARM.ActiveCfg = Release|Any CPU
		{189ACD68-68DF-432F-A8D4-804A089B010E}.Ad-Hoc|ARM.Build.0 = Release|Any CPU
		{189ACD68-68DF-432F-A8D4-804A089B010E}.Ad-Hoc|ARM.Deploy.0 = Release|Any CPU
		{189ACD68-68DF-432F-A8D4-804A089B010E}.Ad-Hoc|iPhone.ActiveCfg = Release|Any CPU
		{189ACD68-68DF-432F-A8D4-804A089B010E}.Ad-Hoc|iPhone.Build.0 = Release|Any CPU
		{189ACD68-68DF-432F-A8D4-804A089B010E}.Ad-Hoc|iPhone.Deploy.0 = Release|Any CPU
		{189ACD68-68DF-432F-A8D4-804A089B010E}.Ad-Hoc|iPhoneSimulator.ActiveCfg = Release|Any CPU
		{189ACD68-68DF-432F-A8D4-804A089B010E}.Ad-Hoc|iPhoneSimulator.Build.0 = Release|Any CPU
		{189ACD68-68DF-432F-A8D4-804A089B010E}.Ad-Hoc|iPhoneSimulator.Deploy.0 = Release|Any CPU
		{189ACD68-68DF-432F-A8D4-804A089B010E}.Ad-Hoc|x64.ActiveCfg = Release|Any CPU
		{189ACD68-68DF-432F-A8D4-804A089B010E}.Ad-Hoc|x64.Build.0 = Release|Any CPU
		{189ACD68-68DF-432F-A8D4-804A089B010E}.Ad-Hoc|x64.Deploy.0 = Release|Any CPU
		{189ACD68-68DF-432F-A8D4-804A089B010E}.Ad-Hoc|x86.ActiveCfg = Release|Any CPU
		{189ACD68-68DF-432F-A8D4-804A089B010E}.Ad-Hoc|x86.Build.0 = Release|Any CPU
		{189ACD68-68DF-432F-A8D4-804A089B010E}.Ad-Hoc|x86.Deploy.0 = Release|Any CPU
		{189ACD68-68DF-432F-A8D4-804A089B010E}.AppStore|Any CPU.ActiveCfg = Release|Any CPU
		{189ACD68-68DF-432F-A8D4-804A089B010E}.AppStore|Any CPU.Build.0 = Release|Any CPU
		{189ACD68-68DF-432F-A8D4-804A089B010E}.AppStore|Any CPU.Deploy.0 = Release|Any CPU
		{189ACD68-68DF-432F-A8D4-804A089B010E}.AppStore|ARM.ActiveCfg = Release|Any CPU
		{189ACD68-68DF-432F-A8D4-804A089B010E}.AppStore|ARM.Build.0 = Release|Any CPU
		{189ACD68-68DF-432F-A8D4-804A089B010E}.AppStore|ARM.Deploy.0 = Release|Any CPU
		{189ACD68-68DF-432F-A8D4-804A089B010E}.AppStore|iPhone.ActiveCfg = Release|Any CPU
		{189ACD68-68DF-432F-A8D4-804A089B010E}.AppStore|iPhone.Build.0 = Release|Any CPU
		{189ACD68-68DF-432F-A8D4-804A089B010E}.AppStore|iPhone.Deploy.0 = Release|Any CPU
		{189ACD68-68DF-432F-A8D4-804A089B010E}.AppStore|iPhoneSimulator.ActiveCfg = Release|Any CPU
		{189ACD68-68DF-432F-A8D4-804A089B010E}.AppStore|iPhoneSimulator.Build.0 = Release|Any CPU
		{189ACD68-68DF-432F-A8D4-804A089B010E}.AppStore|iPhoneSimulator.Deploy.0 = Release|Any CPU
		{189ACD68-68DF-432F-A8D4-804A089B010E}.AppStore|x64.ActiveCfg = Release|Any CPU
		{189ACD68-68DF-432F-A8D4-804A089B010E}.AppStore|x64.Build.0 = Release|Any CPU
		{189ACD68-68DF-432F-A8D4-804A089B010E}.AppStore|x64.Deploy.0 = Release|Any CPU
		{189ACD68-68DF-432F-A8D4-804A089B010E}.AppStore|x86.ActiveCfg = Release|Any CPU
		{189ACD68-68DF-432F-A8D4-804A089B010E}.AppStore|x86.Build.0 = Release|Any CPU
		{189ACD68-68DF-432F-A8D4-804A089B010E}.AppStore|x86.Deploy.0 = Release|Any CPU
		{189ACD68-68DF-432F-A8D4-804A089B010E}.Debug|Any CPU.ActiveCfg = Debug|Any CPU
		{189ACD68-68DF-432F-A8D4-804A089B010E}.Debug|Any CPU.Build.0 = Debug|Any CPU
		{189ACD68-68DF-432F-A8D4-804A089B010E}.Debug|Any CPU.Deploy.0 = Debug|Any CPU
		{189ACD68-68DF-432F-A8D4-804A089B010E}.Debug|ARM.ActiveCfg = Debug|Any CPU
		{189ACD68-68DF-432F-A8D4-804A089B010E}.Debug|ARM.Build.0 = Debug|Any CPU
		{189ACD68-68DF-432F-A8D4-804A089B010E}.Debug|ARM.Deploy.0 = Debug|Any CPU
		{189ACD68-68DF-432F-A8D4-804A089B010E}.Debug|iPhone.ActiveCfg = Debug|Any CPU
		{189ACD68-68DF-432F-A8D4-804A089B010E}.Debug|iPhone.Build.0 = Debug|Any CPU
		{189ACD68-68DF-432F-A8D4-804A089B010E}.Debug|iPhone.Deploy.0 = Debug|Any CPU
		{189ACD68-68DF-432F-A8D4-804A089B010E}.Debug|iPhoneSimulator.ActiveCfg = Debug|Any CPU
		{189ACD68-68DF-432F-A8D4-804A089B010E}.Debug|iPhoneSimulator.Build.0 = Debug|Any CPU
		{189ACD68-68DF-432F-A8D4-804A089B010E}.Debug|iPhoneSimulator.Deploy.0 = Debug|Any CPU
		{189ACD68-68DF-432F-A8D4-804A089B010E}.Debug|x64.ActiveCfg = Debug|Any CPU
		{189ACD68-68DF-432F-A8D4-804A089B010E}.Debug|x64.Build.0 = Debug|Any CPU
		{189ACD68-68DF-432F-A8D4-804A089B010E}.Debug|x64.Deploy.0 = Debug|Any CPU
		{189ACD68-68DF-432F-A8D4-804A089B010E}.Debug|x86.ActiveCfg = Debug|Any CPU
		{189ACD68-68DF-432F-A8D4-804A089B010E}.Debug|x86.Build.0 = Debug|Any CPU
		{189ACD68-68DF-432F-A8D4-804A089B010E}.Debug|x86.Deploy.0 = Debug|Any CPU
		{189ACD68-68DF-432F-A8D4-804A089B010E}.Release|Any CPU.ActiveCfg = Release|Any CPU
		{189ACD68-68DF-432F-A8D4-804A089B010E}.Release|Any CPU.Build.0 = Release|Any CPU
		{189ACD68-68DF-432F-A8D4-804A089B010E}.Release|Any CPU.Deploy.0 = Release|Any CPU
		{189ACD68-68DF-432F-A8D4-804A089B010E}.Release|ARM.ActiveCfg = Release|Any CPU
		{189ACD68-68DF-432F-A8D4-804A089B010E}.Release|ARM.Build.0 = Release|Any CPU
		{189ACD68-68DF-432F-A8D4-804A089B010E}.Release|ARM.Deploy.0 = Release|Any CPU
		{189ACD68-68DF-432F-A8D4-804A089B010E}.Release|iPhone.ActiveCfg = Release|Any CPU
		{189ACD68-68DF-432F-A8D4-804A089B010E}.Release|iPhone.Build.0 = Release|Any CPU
		{189ACD68-68DF-432F-A8D4-804A089B010E}.Release|iPhone.Deploy.0 = Release|Any CPU
		{189ACD68-68DF-432F-A8D4-804A089B010E}.Release|iPhoneSimulator.ActiveCfg = Release|Any CPU
		{189ACD68-68DF-432F-A8D4-804A089B010E}.Release|iPhoneSimulator.Build.0 = Release|Any CPU
		{189ACD68-68DF-432F-A8D4-804A089B010E}.Release|iPhoneSimulator.Deploy.0 = Release|Any CPU
		{189ACD68-68DF-432F-A8D4-804A089B010E}.Release|x64.ActiveCfg = Release|Any CPU
		{189ACD68-68DF-432F-A8D4-804A089B010E}.Release|x64.Build.0 = Release|Any CPU
		{189ACD68-68DF-432F-A8D4-804A089B010E}.Release|x64.Deploy.0 = Release|Any CPU
		{189ACD68-68DF-432F-A8D4-804A089B010E}.Release|x86.ActiveCfg = Release|Any CPU
		{189ACD68-68DF-432F-A8D4-804A089B010E}.Release|x86.Build.0 = Release|Any CPU
		{189ACD68-68DF-432F-A8D4-804A089B010E}.Release|x86.Deploy.0 = Release|Any CPU
		{3EC1B3E8-C7B8-48E7-AFF3-5DA70CD903F3}.Ad-Hoc|Any CPU.ActiveCfg = Ad-Hoc|iPhone
		{3EC1B3E8-C7B8-48E7-AFF3-5DA70CD903F3}.Ad-Hoc|Any CPU.Build.0 = Ad-Hoc|iPhone
		{3EC1B3E8-C7B8-48E7-AFF3-5DA70CD903F3}.Ad-Hoc|Any CPU.Deploy.0 = Ad-Hoc|iPhone
		{3EC1B3E8-C7B8-48E7-AFF3-5DA70CD903F3}.Ad-Hoc|ARM.ActiveCfg = Ad-Hoc|iPhone
		{3EC1B3E8-C7B8-48E7-AFF3-5DA70CD903F3}.Ad-Hoc|ARM.Build.0 = Ad-Hoc|iPhone
		{3EC1B3E8-C7B8-48E7-AFF3-5DA70CD903F3}.Ad-Hoc|ARM.Deploy.0 = Ad-Hoc|iPhone
		{3EC1B3E8-C7B8-48E7-AFF3-5DA70CD903F3}.Ad-Hoc|iPhone.ActiveCfg = Ad-Hoc|iPhone
		{3EC1B3E8-C7B8-48E7-AFF3-5DA70CD903F3}.Ad-Hoc|iPhone.Build.0 = Ad-Hoc|iPhone
		{3EC1B3E8-C7B8-48E7-AFF3-5DA70CD903F3}.Ad-Hoc|iPhone.Deploy.0 = Ad-Hoc|iPhone
		{3EC1B3E8-C7B8-48E7-AFF3-5DA70CD903F3}.Ad-Hoc|iPhoneSimulator.ActiveCfg = Ad-Hoc|iPhoneSimulator
		{3EC1B3E8-C7B8-48E7-AFF3-5DA70CD903F3}.Ad-Hoc|iPhoneSimulator.Build.0 = Ad-Hoc|iPhoneSimulator
		{3EC1B3E8-C7B8-48E7-AFF3-5DA70CD903F3}.Ad-Hoc|iPhoneSimulator.Deploy.0 = Ad-Hoc|iPhoneSimulator
		{3EC1B3E8-C7B8-48E7-AFF3-5DA70CD903F3}.Ad-Hoc|x64.ActiveCfg = Ad-Hoc|iPhone
		{3EC1B3E8-C7B8-48E7-AFF3-5DA70CD903F3}.Ad-Hoc|x64.Build.0 = Ad-Hoc|iPhone
		{3EC1B3E8-C7B8-48E7-AFF3-5DA70CD903F3}.Ad-Hoc|x64.Deploy.0 = Ad-Hoc|iPhone
		{3EC1B3E8-C7B8-48E7-AFF3-5DA70CD903F3}.Ad-Hoc|x86.ActiveCfg = Ad-Hoc|iPhone
		{3EC1B3E8-C7B8-48E7-AFF3-5DA70CD903F3}.Ad-Hoc|x86.Build.0 = Ad-Hoc|iPhone
		{3EC1B3E8-C7B8-48E7-AFF3-5DA70CD903F3}.Ad-Hoc|x86.Deploy.0 = Ad-Hoc|iPhone
		{3EC1B3E8-C7B8-48E7-AFF3-5DA70CD903F3}.AppStore|Any CPU.ActiveCfg = AppStore|iPhone
		{3EC1B3E8-C7B8-48E7-AFF3-5DA70CD903F3}.AppStore|Any CPU.Build.0 = AppStore|iPhone
		{3EC1B3E8-C7B8-48E7-AFF3-5DA70CD903F3}.AppStore|Any CPU.Deploy.0 = AppStore|iPhone
		{3EC1B3E8-C7B8-48E7-AFF3-5DA70CD903F3}.AppStore|ARM.ActiveCfg = AppStore|iPhone
		{3EC1B3E8-C7B8-48E7-AFF3-5DA70CD903F3}.AppStore|ARM.Build.0 = AppStore|iPhone
		{3EC1B3E8-C7B8-48E7-AFF3-5DA70CD903F3}.AppStore|ARM.Deploy.0 = AppStore|iPhone
		{3EC1B3E8-C7B8-48E7-AFF3-5DA70CD903F3}.AppStore|iPhone.ActiveCfg = AppStore|iPhone
		{3EC1B3E8-C7B8-48E7-AFF3-5DA70CD903F3}.AppStore|iPhone.Build.0 = AppStore|iPhone
		{3EC1B3E8-C7B8-48E7-AFF3-5DA70CD903F3}.AppStore|iPhone.Deploy.0 = AppStore|iPhone
		{3EC1B3E8-C7B8-48E7-AFF3-5DA70CD903F3}.AppStore|iPhoneSimulator.ActiveCfg = AppStore|iPhoneSimulator
		{3EC1B3E8-C7B8-48E7-AFF3-5DA70CD903F3}.AppStore|iPhoneSimulator.Build.0 = AppStore|iPhoneSimulator
		{3EC1B3E8-C7B8-48E7-AFF3-5DA70CD903F3}.AppStore|iPhoneSimulator.Deploy.0 = AppStore|iPhoneSimulator
		{3EC1B3E8-C7B8-48E7-AFF3-5DA70CD903F3}.AppStore|x64.ActiveCfg = AppStore|iPhone
		{3EC1B3E8-C7B8-48E7-AFF3-5DA70CD903F3}.AppStore|x64.Build.0 = AppStore|iPhone
		{3EC1B3E8-C7B8-48E7-AFF3-5DA70CD903F3}.AppStore|x64.Deploy.0 = AppStore|iPhone
		{3EC1B3E8-C7B8-48E7-AFF3-5DA70CD903F3}.AppStore|x86.ActiveCfg = AppStore|iPhone
		{3EC1B3E8-C7B8-48E7-AFF3-5DA70CD903F3}.AppStore|x86.Build.0 = AppStore|iPhone
		{3EC1B3E8-C7B8-48E7-AFF3-5DA70CD903F3}.AppStore|x86.Deploy.0 = AppStore|iPhone
		{3EC1B3E8-C7B8-48E7-AFF3-5DA70CD903F3}.Debug|Any CPU.ActiveCfg = Debug|iPhoneSimulator
		{3EC1B3E8-C7B8-48E7-AFF3-5DA70CD903F3}.Debug|Any CPU.Build.0 = Debug|iPhoneSimulator
		{3EC1B3E8-C7B8-48E7-AFF3-5DA70CD903F3}.Debug|Any CPU.Deploy.0 = Debug|iPhoneSimulator
		{3EC1B3E8-C7B8-48E7-AFF3-5DA70CD903F3}.Debug|ARM.ActiveCfg = Debug|iPhone
		{3EC1B3E8-C7B8-48E7-AFF3-5DA70CD903F3}.Debug|ARM.Build.0 = Debug|iPhone
		{3EC1B3E8-C7B8-48E7-AFF3-5DA70CD903F3}.Debug|ARM.Deploy.0 = Debug|iPhone
		{3EC1B3E8-C7B8-48E7-AFF3-5DA70CD903F3}.Debug|iPhone.ActiveCfg = Debug|iPhone
		{3EC1B3E8-C7B8-48E7-AFF3-5DA70CD903F3}.Debug|iPhone.Build.0 = Debug|iPhone
		{3EC1B3E8-C7B8-48E7-AFF3-5DA70CD903F3}.Debug|iPhone.Deploy.0 = Debug|iPhone
		{3EC1B3E8-C7B8-48E7-AFF3-5DA70CD903F3}.Debug|iPhoneSimulator.ActiveCfg = Debug|iPhoneSimulator
		{3EC1B3E8-C7B8-48E7-AFF3-5DA70CD903F3}.Debug|iPhoneSimulator.Build.0 = Debug|iPhoneSimulator
		{3EC1B3E8-C7B8-48E7-AFF3-5DA70CD903F3}.Debug|iPhoneSimulator.Deploy.0 = Debug|iPhoneSimulator
		{3EC1B3E8-C7B8-48E7-AFF3-5DA70CD903F3}.Debug|x64.ActiveCfg = Debug|iPhone
		{3EC1B3E8-C7B8-48E7-AFF3-5DA70CD903F3}.Debug|x64.Build.0 = Debug|iPhone
		{3EC1B3E8-C7B8-48E7-AFF3-5DA70CD903F3}.Debug|x64.Deploy.0 = Debug|iPhone
		{3EC1B3E8-C7B8-48E7-AFF3-5DA70CD903F3}.Debug|x86.ActiveCfg = Debug|iPhone
		{3EC1B3E8-C7B8-48E7-AFF3-5DA70CD903F3}.Debug|x86.Build.0 = Debug|iPhone
		{3EC1B3E8-C7B8-48E7-AFF3-5DA70CD903F3}.Debug|x86.Deploy.0 = Debug|iPhone
		{3EC1B3E8-C7B8-48E7-AFF3-5DA70CD903F3}.Release|Any CPU.ActiveCfg = Release|iPhone
		{3EC1B3E8-C7B8-48E7-AFF3-5DA70CD903F3}.Release|Any CPU.Build.0 = Release|iPhone
		{3EC1B3E8-C7B8-48E7-AFF3-5DA70CD903F3}.Release|Any CPU.Deploy.0 = Release|iPhone
		{3EC1B3E8-C7B8-48E7-AFF3-5DA70CD903F3}.Release|ARM.ActiveCfg = Release|iPhone
		{3EC1B3E8-C7B8-48E7-AFF3-5DA70CD903F3}.Release|ARM.Build.0 = Release|iPhone
		{3EC1B3E8-C7B8-48E7-AFF3-5DA70CD903F3}.Release|ARM.Deploy.0 = Release|iPhone
		{3EC1B3E8-C7B8-48E7-AFF3-5DA70CD903F3}.Release|iPhone.ActiveCfg = Release|iPhone
		{3EC1B3E8-C7B8-48E7-AFF3-5DA70CD903F3}.Release|iPhone.Build.0 = Release|iPhone
		{3EC1B3E8-C7B8-48E7-AFF3-5DA70CD903F3}.Release|iPhone.Deploy.0 = Release|iPhone
		{3EC1B3E8-C7B8-48E7-AFF3-5DA70CD903F3}.Release|iPhoneSimulator.ActiveCfg = Release|iPhoneSimulator
		{3EC1B3E8-C7B8-48E7-AFF3-5DA70CD903F3}.Release|iPhoneSimulator.Build.0 = Release|iPhoneSimulator
		{3EC1B3E8-C7B8-48E7-AFF3-5DA70CD903F3}.Release|iPhoneSimulator.Deploy.0 = Release|iPhoneSimulator
		{3EC1B3E8-C7B8-48E7-AFF3-5DA70CD903F3}.Release|x64.ActiveCfg = Release|iPhone
		{3EC1B3E8-C7B8-48E7-AFF3-5DA70CD903F3}.Release|x64.Build.0 = Release|iPhone
		{3EC1B3E8-C7B8-48E7-AFF3-5DA70CD903F3}.Release|x64.Deploy.0 = Release|iPhone
		{3EC1B3E8-C7B8-48E7-AFF3-5DA70CD903F3}.Release|x86.ActiveCfg = Release|iPhone
		{3EC1B3E8-C7B8-48E7-AFF3-5DA70CD903F3}.Release|x86.Build.0 = Release|iPhone
		{3EC1B3E8-C7B8-48E7-AFF3-5DA70CD903F3}.Release|x86.Deploy.0 = Release|iPhone
		{639552A8-396F-43B8-8181-A7A80D318007}.Ad-Hoc|Any CPU.ActiveCfg = Release|x86
		{639552A8-396F-43B8-8181-A7A80D318007}.Ad-Hoc|Any CPU.Build.0 = Release|x86
		{639552A8-396F-43B8-8181-A7A80D318007}.Ad-Hoc|Any CPU.Deploy.0 = Release|x86
		{639552A8-396F-43B8-8181-A7A80D318007}.Ad-Hoc|ARM.ActiveCfg = Release|ARM
		{639552A8-396F-43B8-8181-A7A80D318007}.Ad-Hoc|ARM.Build.0 = Release|ARM
		{639552A8-396F-43B8-8181-A7A80D318007}.Ad-Hoc|ARM.Deploy.0 = Release|ARM
		{639552A8-396F-43B8-8181-A7A80D318007}.Ad-Hoc|iPhone.ActiveCfg = Release|x86
		{639552A8-396F-43B8-8181-A7A80D318007}.Ad-Hoc|iPhone.Build.0 = Release|x86
		{639552A8-396F-43B8-8181-A7A80D318007}.Ad-Hoc|iPhone.Deploy.0 = Release|x86
		{639552A8-396F-43B8-8181-A7A80D318007}.Ad-Hoc|iPhoneSimulator.ActiveCfg = Release|x86
		{639552A8-396F-43B8-8181-A7A80D318007}.Ad-Hoc|iPhoneSimulator.Build.0 = Release|x86
		{639552A8-396F-43B8-8181-A7A80D318007}.Ad-Hoc|iPhoneSimulator.Deploy.0 = Release|x86
		{639552A8-396F-43B8-8181-A7A80D318007}.Ad-Hoc|x64.ActiveCfg = Release|x64
		{639552A8-396F-43B8-8181-A7A80D318007}.Ad-Hoc|x64.Build.0 = Release|x64
		{639552A8-396F-43B8-8181-A7A80D318007}.Ad-Hoc|x64.Deploy.0 = Release|x64
		{639552A8-396F-43B8-8181-A7A80D318007}.Ad-Hoc|x86.ActiveCfg = Release|x86
		{639552A8-396F-43B8-8181-A7A80D318007}.Ad-Hoc|x86.Build.0 = Release|x86
		{639552A8-396F-43B8-8181-A7A80D318007}.Ad-Hoc|x86.Deploy.0 = Release|x86
		{639552A8-396F-43B8-8181-A7A80D318007}.AppStore|Any CPU.ActiveCfg = Release|x86
		{639552A8-396F-43B8-8181-A7A80D318007}.AppStore|Any CPU.Build.0 = Release|x86
		{639552A8-396F-43B8-8181-A7A80D318007}.AppStore|Any CPU.Deploy.0 = Release|x86
		{639552A8-396F-43B8-8181-A7A80D318007}.AppStore|ARM.ActiveCfg = Release|ARM
		{639552A8-396F-43B8-8181-A7A80D318007}.AppStore|ARM.Build.0 = Release|ARM
		{639552A8-396F-43B8-8181-A7A80D318007}.AppStore|ARM.Deploy.0 = Release|ARM
		{639552A8-396F-43B8-8181-A7A80D318007}.AppStore|iPhone.ActiveCfg = Release|x86
		{639552A8-396F-43B8-8181-A7A80D318007}.AppStore|iPhone.Build.0 = Release|x86
		{639552A8-396F-43B8-8181-A7A80D318007}.AppStore|iPhone.Deploy.0 = Release|x86
		{639552A8-396F-43B8-8181-A7A80D318007}.AppStore|iPhoneSimulator.ActiveCfg = Release|x86
		{639552A8-396F-43B8-8181-A7A80D318007}.AppStore|iPhoneSimulator.Build.0 = Release|x86
		{639552A8-396F-43B8-8181-A7A80D318007}.AppStore|iPhoneSimulator.Deploy.0 = Release|x86
		{639552A8-396F-43B8-8181-A7A80D318007}.AppStore|x64.ActiveCfg = Release|x64
		{639552A8-396F-43B8-8181-A7A80D318007}.AppStore|x64.Build.0 = Release|x64
		{639552A8-396F-43B8-8181-A7A80D318007}.AppStore|x64.Deploy.0 = Release|x64
		{639552A8-396F-43B8-8181-A7A80D318007}.AppStore|x86.ActiveCfg = Release|x86
		{639552A8-396F-43B8-8181-A7A80D318007}.AppStore|x86.Build.0 = Release|x86
		{639552A8-396F-43B8-8181-A7A80D318007}.AppStore|x86.Deploy.0 = Release|x86
		{639552A8-396F-43B8-8181-A7A80D318007}.Debug|Any CPU.ActiveCfg = Debug|x86
		{639552A8-396F-43B8-8181-A7A80D318007}.Debug|Any CPU.Build.0 = Debug|x86
		{639552A8-396F-43B8-8181-A7A80D318007}.Debug|Any CPU.Deploy.0 = Debug|x86
		{639552A8-396F-43B8-8181-A7A80D318007}.Debug|ARM.ActiveCfg = Debug|ARM
		{639552A8-396F-43B8-8181-A7A80D318007}.Debug|ARM.Build.0 = Debug|ARM
		{639552A8-396F-43B8-8181-A7A80D318007}.Debug|ARM.Deploy.0 = Debug|ARM
		{639552A8-396F-43B8-8181-A7A80D318007}.Debug|iPhone.ActiveCfg = Debug|x86
		{639552A8-396F-43B8-8181-A7A80D318007}.Debug|iPhone.Build.0 = Debug|x86
		{639552A8-396F-43B8-8181-A7A80D318007}.Debug|iPhone.Deploy.0 = Debug|x86
		{639552A8-396F-43B8-8181-A7A80D318007}.Debug|iPhoneSimulator.ActiveCfg = Debug|x86
		{639552A8-396F-43B8-8181-A7A80D318007}.Debug|iPhoneSimulator.Build.0 = Debug|x86
		{639552A8-396F-43B8-8181-A7A80D318007}.Debug|iPhoneSimulator.Deploy.0 = Debug|x86
		{639552A8-396F-43B8-8181-A7A80D318007}.Debug|x64.ActiveCfg = Debug|x64
		{639552A8-396F-43B8-8181-A7A80D318007}.Debug|x64.Build.0 = Debug|x64
		{639552A8-396F-43B8-8181-A7A80D318007}.Debug|x64.Deploy.0 = Debug|x64
		{639552A8-396F-43B8-8181-A7A80D318007}.Debug|x86.ActiveCfg = Debug|x86
		{639552A8-396F-43B8-8181-A7A80D318007}.Debug|x86.Build.0 = Debug|x86
		{639552A8-396F-43B8-8181-A7A80D318007}.Debug|x86.Deploy.0 = Debug|x86
		{639552A8-396F-43B8-8181-A7A80D318007}.Release|Any CPU.ActiveCfg = Release|x86
		{639552A8-396F-43B8-8181-A7A80D318007}.Release|Any CPU.Build.0 = Release|x86
		{639552A8-396F-43B8-8181-A7A80D318007}.Release|Any CPU.Deploy.0 = Release|x86
		{639552A8-396F-43B8-8181-A7A80D318007}.Release|ARM.ActiveCfg = Release|ARM
		{639552A8-396F-43B8-8181-A7A80D318007}.Release|ARM.Build.0 = Release|ARM
		{639552A8-396F-43B8-8181-A7A80D318007}.Release|ARM.Deploy.0 = Release|ARM
		{639552A8-396F-43B8-8181-A7A80D318007}.Release|iPhone.ActiveCfg = Release|x86
		{639552A8-396F-43B8-8181-A7A80D318007}.Release|iPhone.Build.0 = Release|x86
		{639552A8-396F-43B8-8181-A7A80D318007}.Release|iPhone.Deploy.0 = Release|x86
		{639552A8-396F-43B8-8181-A7A80D318007}.Release|iPhoneSimulator.ActiveCfg = Release|x86
		{639552A8-396F-43B8-8181-A7A80D318007}.Release|iPhoneSimulator.Build.0 = Release|x86
		{639552A8-396F-43B8-8181-A7A80D318007}.Release|iPhoneSimulator.Deploy.0 = Release|x86
		{639552A8-396F-43B8-8181-A7A80D318007}.Release|x64.ActiveCfg = Release|x64
		{639552A8-396F-43B8-8181-A7A80D318007}.Release|x64.Build.0 = Release|x64
		{639552A8-396F-43B8-8181-A7A80D318007}.Release|x64.Deploy.0 = Release|x64
		{639552A8-396F-43B8-8181-A7A80D318007}.Release|x86.ActiveCfg = Release|x86
		{639552A8-396F-43B8-8181-A7A80D318007}.Release|x86.Build.0 = Release|x86
		{639552A8-396F-43B8-8181-A7A80D318007}.Release|x86.Deploy.0 = Release|x86
		{6F9D3379-9D77-4F0F-8414-DA75BE550457}.Ad-Hoc|Any CPU.ActiveCfg = Debug|Any CPU
		{6F9D3379-9D77-4F0F-8414-DA75BE550457}.Ad-Hoc|Any CPU.Build.0 = Debug|Any CPU
		{6F9D3379-9D77-4F0F-8414-DA75BE550457}.Ad-Hoc|Any CPU.Deploy.0 = Debug|Any CPU
		{6F9D3379-9D77-4F0F-8414-DA75BE550457}.Ad-Hoc|ARM.ActiveCfg = Debug|Any CPU
		{6F9D3379-9D77-4F0F-8414-DA75BE550457}.Ad-Hoc|ARM.Build.0 = Debug|Any CPU
		{6F9D3379-9D77-4F0F-8414-DA75BE550457}.Ad-Hoc|ARM.Deploy.0 = Debug|Any CPU
		{6F9D3379-9D77-4F0F-8414-DA75BE550457}.Ad-Hoc|iPhone.ActiveCfg = Debug|Any CPU
		{6F9D3379-9D77-4F0F-8414-DA75BE550457}.Ad-Hoc|iPhone.Build.0 = Debug|Any CPU
		{6F9D3379-9D77-4F0F-8414-DA75BE550457}.Ad-Hoc|iPhone.Deploy.0 = Debug|Any CPU
		{6F9D3379-9D77-4F0F-8414-DA75BE550457}.Ad-Hoc|iPhoneSimulator.ActiveCfg = Debug|Any CPU
		{6F9D3379-9D77-4F0F-8414-DA75BE550457}.Ad-Hoc|iPhoneSimulator.Build.0 = Debug|Any CPU
		{6F9D3379-9D77-4F0F-8414-DA75BE550457}.Ad-Hoc|iPhoneSimulator.Deploy.0 = Debug|Any CPU
		{6F9D3379-9D77-4F0F-8414-DA75BE550457}.Ad-Hoc|x64.ActiveCfg = Debug|Any CPU
		{6F9D3379-9D77-4F0F-8414-DA75BE550457}.Ad-Hoc|x64.Build.0 = Debug|Any CPU
		{6F9D3379-9D77-4F0F-8414-DA75BE550457}.Ad-Hoc|x64.Deploy.0 = Debug|Any CPU
		{6F9D3379-9D77-4F0F-8414-DA75BE550457}.Ad-Hoc|x86.ActiveCfg = Debug|Any CPU
		{6F9D3379-9D77-4F0F-8414-DA75BE550457}.Ad-Hoc|x86.Build.0 = Debug|Any CPU
		{6F9D3379-9D77-4F0F-8414-DA75BE550457}.Ad-Hoc|x86.Deploy.0 = Debug|Any CPU
		{6F9D3379-9D77-4F0F-8414-DA75BE550457}.AppStore|Any CPU.ActiveCfg = Debug|Any CPU
		{6F9D3379-9D77-4F0F-8414-DA75BE550457}.AppStore|Any CPU.Build.0 = Debug|Any CPU
		{6F9D3379-9D77-4F0F-8414-DA75BE550457}.AppStore|Any CPU.Deploy.0 = Debug|Any CPU
		{6F9D3379-9D77-4F0F-8414-DA75BE550457}.AppStore|ARM.ActiveCfg = Debug|Any CPU
		{6F9D3379-9D77-4F0F-8414-DA75BE550457}.AppStore|ARM.Build.0 = Debug|Any CPU
		{6F9D3379-9D77-4F0F-8414-DA75BE550457}.AppStore|ARM.Deploy.0 = Debug|Any CPU
		{6F9D3379-9D77-4F0F-8414-DA75BE550457}.AppStore|iPhone.ActiveCfg = Debug|Any CPU
		{6F9D3379-9D77-4F0F-8414-DA75BE550457}.AppStore|iPhone.Build.0 = Debug|Any CPU
		{6F9D3379-9D77-4F0F-8414-DA75BE550457}.AppStore|iPhone.Deploy.0 = Debug|Any CPU
		{6F9D3379-9D77-4F0F-8414-DA75BE550457}.AppStore|iPhoneSimulator.ActiveCfg = Debug|Any CPU
		{6F9D3379-9D77-4F0F-8414-DA75BE550457}.AppStore|iPhoneSimulator.Build.0 = Debug|Any CPU
		{6F9D3379-9D77-4F0F-8414-DA75BE550457}.AppStore|iPhoneSimulator.Deploy.0 = Debug|Any CPU
		{6F9D3379-9D77-4F0F-8414-DA75BE550457}.AppStore|x64.ActiveCfg = Debug|Any CPU
		{6F9D3379-9D77-4F0F-8414-DA75BE550457}.AppStore|x64.Build.0 = Debug|Any CPU
		{6F9D3379-9D77-4F0F-8414-DA75BE550457}.AppStore|x64.Deploy.0 = Debug|Any CPU
		{6F9D3379-9D77-4F0F-8414-DA75BE550457}.AppStore|x86.ActiveCfg = Debug|Any CPU
		{6F9D3379-9D77-4F0F-8414-DA75BE550457}.AppStore|x86.Build.0 = Debug|Any CPU
		{6F9D3379-9D77-4F0F-8414-DA75BE550457}.AppStore|x86.Deploy.0 = Debug|Any CPU
		{6F9D3379-9D77-4F0F-8414-DA75BE550457}.Debug|Any CPU.ActiveCfg = Debug|Any CPU
		{6F9D3379-9D77-4F0F-8414-DA75BE550457}.Debug|Any CPU.Build.0 = Debug|Any CPU
		{6F9D3379-9D77-4F0F-8414-DA75BE550457}.Debug|Any CPU.Deploy.0 = Debug|Any CPU
		{6F9D3379-9D77-4F0F-8414-DA75BE550457}.Debug|ARM.ActiveCfg = Debug|Any CPU
		{6F9D3379-9D77-4F0F-8414-DA75BE550457}.Debug|ARM.Build.0 = Debug|Any CPU
		{6F9D3379-9D77-4F0F-8414-DA75BE550457}.Debug|ARM.Deploy.0 = Debug|Any CPU
		{6F9D3379-9D77-4F0F-8414-DA75BE550457}.Debug|iPhone.ActiveCfg = Debug|Any CPU
		{6F9D3379-9D77-4F0F-8414-DA75BE550457}.Debug|iPhone.Build.0 = Debug|Any CPU
		{6F9D3379-9D77-4F0F-8414-DA75BE550457}.Debug|iPhone.Deploy.0 = Debug|Any CPU
		{6F9D3379-9D77-4F0F-8414-DA75BE550457}.Debug|iPhoneSimulator.ActiveCfg = Debug|Any CPU
		{6F9D3379-9D77-4F0F-8414-DA75BE550457}.Debug|iPhoneSimulator.Build.0 = Debug|Any CPU
		{6F9D3379-9D77-4F0F-8414-DA75BE550457}.Debug|iPhoneSimulator.Deploy.0 = Debug|Any CPU
		{6F9D3379-9D77-4F0F-8414-DA75BE550457}.Debug|x64.ActiveCfg = Debug|Any CPU
		{6F9D3379-9D77-4F0F-8414-DA75BE550457}.Debug|x64.Build.0 = Debug|Any CPU
		{6F9D3379-9D77-4F0F-8414-DA75BE550457}.Debug|x64.Deploy.0 = Debug|Any CPU
		{6F9D3379-9D77-4F0F-8414-DA75BE550457}.Debug|x86.ActiveCfg = Debug|Any CPU
		{6F9D3379-9D77-4F0F-8414-DA75BE550457}.Debug|x86.Build.0 = Debug|Any CPU
		{6F9D3379-9D77-4F0F-8414-DA75BE550457}.Debug|x86.Deploy.0 = Debug|Any CPU
		{6F9D3379-9D77-4F0F-8414-DA75BE550457}.Release|Any CPU.ActiveCfg = Release|Any CPU
		{6F9D3379-9D77-4F0F-8414-DA75BE550457}.Release|Any CPU.Build.0 = Release|Any CPU
		{6F9D3379-9D77-4F0F-8414-DA75BE550457}.Release|Any CPU.Deploy.0 = Release|Any CPU
		{6F9D3379-9D77-4F0F-8414-DA75BE550457}.Release|ARM.ActiveCfg = Release|Any CPU
		{6F9D3379-9D77-4F0F-8414-DA75BE550457}.Release|ARM.Build.0 = Release|Any CPU
		{6F9D3379-9D77-4F0F-8414-DA75BE550457}.Release|ARM.Deploy.0 = Release|Any CPU
		{6F9D3379-9D77-4F0F-8414-DA75BE550457}.Release|iPhone.ActiveCfg = Release|Any CPU
		{6F9D3379-9D77-4F0F-8414-DA75BE550457}.Release|iPhone.Build.0 = Release|Any CPU
		{6F9D3379-9D77-4F0F-8414-DA75BE550457}.Release|iPhone.Deploy.0 = Release|Any CPU
		{6F9D3379-9D77-4F0F-8414-DA75BE550457}.Release|iPhoneSimulator.ActiveCfg = Release|Any CPU
		{6F9D3379-9D77-4F0F-8414-DA75BE550457}.Release|iPhoneSimulator.Build.0 = Release|Any CPU
		{6F9D3379-9D77-4F0F-8414-DA75BE550457}.Release|iPhoneSimulator.Deploy.0 = Release|Any CPU
		{6F9D3379-9D77-4F0F-8414-DA75BE550457}.Release|x64.ActiveCfg = Release|Any CPU
		{6F9D3379-9D77-4F0F-8414-DA75BE550457}.Release|x64.Build.0 = Release|Any CPU
		{6F9D3379-9D77-4F0F-8414-DA75BE550457}.Release|x64.Deploy.0 = Release|Any CPU
		{6F9D3379-9D77-4F0F-8414-DA75BE550457}.Release|x86.ActiveCfg = Release|Any CPU
		{6F9D3379-9D77-4F0F-8414-DA75BE550457}.Release|x86.Build.0 = Release|Any CPU
		{6F9D3379-9D77-4F0F-8414-DA75BE550457}.Release|x86.Deploy.0 = Release|Any CPU
	EndGlobalSection
	GlobalSection(SolutionProperties) = preSolution
		HideSolutionNode = FALSE
	EndGlobalSection
	GlobalSection(ExtensibilityGlobals) = postSolution
		SolutionGuid = {42E2A888-94B7-4199-85D2-5A93A37337E9}
	EndGlobalSection
EndGlobal
